
Microsoft Visual Studio Solution File, Format Version 12.00
# Visual Studio Version 17
VisualStudioVersion = 17.3.32804.467
MinimumVisualStudioVersion = 10.0.40219.1
Project("{FAE04EC0-301F-11D3-BF4B-00C04F79EFBC}") = "SocusProject", "SocusProject\SocusProject.csproj", "{F6950F0E-9A5A-476D-A654-C439B4618E03}"
EndProject
Global
	GlobalSection(SolutionConfigurationPlatforms) = preSolution
		Debug|Any CPU = Debug|Any CPU
		Release|Any CPU = Release|Any CPU
	EndGlobalSection
	GlobalSection(ProjectConfigurationPlatforms) = postSolution
		{F6950F0E-9A5A-476D-A654-C439B4618E03}.Debug|Any CPU.ActiveCfg = Debug|Any CPU
		{F6950F0E-9A5A-476D-A654-C439B4618E03}.Debug|Any CPU.Build.0 = Debug|Any CPU
		{F6950F0E-9A5A-476D-A654-C439B4618E03}.Release|Any CPU.ActiveCfg = Release|Any CPU
		{F6950F0E-9A5A-476D-A654-C439B4618E03}.Release|Any CPU.Build.0 = Release|Any CPU
	EndGlobalSection
	GlobalSection(SolutionProperties) = preSolution
		HideSolutionNode = FALSE
	EndGlobalSection
	GlobalSection(ExtensibilityGlobals) = postSolution
		SolutionGuid = {6B8031FB-6348-43EE-9397-C960C149D684}
	EndGlobalSection
EndGlobal
